
Microsoft Visual Studio Solution File, Format Version 12.00
# Visual Studio 14
VisualStudioVersion = 14.0.25420.1
MinimumVisualStudioVersion = 10.0.40219.1
Project("{FAE04EC0-301F-11D3-BF4B-00C04F79EFBC}") = "primerSitioWeb", "primerSitioWeb\primerSitioWeb.csproj", "{7F5D2B56-0009-4DDF-941B-0AD1054B7FC2}"
EndProject
Project("{FAE04EC0-301F-11D3-BF4B-00C04F79EFBC}") = "Datos", "Datos\Datos.csproj", "{8B479BC3-18A1-4392-A483-40253869F22B}"
EndProject
Global
	GlobalSection(SolutionConfigurationPlatforms) = preSolution
		Debug|Any CPU = Debug|Any CPU
		Release|Any CPU = Release|Any CPU
	EndGlobalSection
	GlobalSection(ProjectConfigurationPlatforms) = postSolution
		{7F5D2B56-0009-4DDF-941B-0AD1054B7FC2}.Debug|Any CPU.ActiveCfg = Debug|Any CPU
		{7F5D2B56-0009-4DDF-941B-0AD1054B7FC2}.Debug|Any CPU.Build.0 = Debug|Any CPU
		{7F5D2B56-0009-4DDF-941B-0AD1054B7FC2}.Release|Any CPU.ActiveCfg = Release|Any CPU
		{7F5D2B56-0009-4DDF-941B-0AD1054B7FC2}.Release|Any CPU.Build.0 = Release|Any CPU
		{8B479BC3-18A1-4392-A483-40253869F22B}.Debug|Any CPU.ActiveCfg = Debug|Any CPU
		{8B479BC3-18A1-4392-A483-40253869F22B}.Debug|Any CPU.Build.0 = Debug|Any CPU
		{8B479BC3-18A1-4392-A483-40253869F22B}.Release|Any CPU.ActiveCfg = Release|Any CPU
		{8B479BC3-18A1-4392-A483-40253869F22B}.Release|Any CPU.Build.0 = Release|Any CPU
	EndGlobalSection
	GlobalSection(SolutionProperties) = preSolution
		HideSolutionNode = FALSE
	EndGlobalSection
EndGlobal
